
Microsoft Visual Studio Solution File, Format Version 12.00
# Visual Studio Version 17
VisualStudioVersion = 17.0.31903.59
MinimumVisualStudioVersion = 10.0.40219.1
Project("{2150E333-8FDC-42A3-9474-1A3956D46DE8}") = "src", "src", "{827E0CD3-B72D-47B6-A68D-7590B98EB39B}"
EndProject
Project("{FAE04EC0-301F-11D3-BF4B-00C04F79EFBC}") = "CondoFlow.Domain", "src\CondoFlow.Domain\CondoFlow.Domain.csproj", "{153166E1-D2D8-4A4A-9A0E-BA1A39292370}"
EndProject
Project("{FAE04EC0-301F-11D3-BF4B-00C04F79EFBC}") = "CondoFlow.Application", "src\CondoFlow.Application\CondoFlow.Application.csproj", "{F5609D80-37E3-4B0E-98EA-8CCC4C03C182}"
EndProject
Project("{FAE04EC0-301F-11D3-BF4B-00C04F79EFBC}") = "CondoFlow.Infrastructure", "src\CondoFlow.Infrastructure\CondoFlow.Infrastructure.csproj", "{36A93AD5-D151-44E7-BC04-87CC595B435B}"
EndProject
Project("{FAE04EC0-301F-11D3-BF4B-00C04F79EFBC}") = "CondoFlow.WebApi", "src\CondoFlow.WebApi\CondoFlow.WebApi.csproj", "{4B55D702-ADB5-4877-85CB-E98CA270DCE6}"
EndProject
Project("{2150E333-8FDC-42A3-9474-1A3956D46DE8}") = "tests", "tests", "{0AB3BF05-4346-4AA6-1389-037BE0695223}"
EndProject
Project("{FAE04EC0-301F-11D3-BF4B-00C04F79EFBC}") = "CondoFlow.Domain.Tests", "tests\CondoFlow.Domain.Tests\CondoFlow.Domain.Tests.csproj", "{2782F2C0-EF01-454E-A155-80AA85640386}"
EndProject
Project("{FAE04EC0-301F-11D3-BF4B-00C04F79EFBC}") = "CondoFlow.Application.Tests", "tests\CondoFlow.Application.Tests\CondoFlow.Application.Tests.csproj", "{7D31A5D3-005D-44D9-A6AF-F3AFE51C601B}"
EndProject
Project("{FAE04EC0-301F-11D3-BF4B-00C04F79EFBC}") = "CondoFlow.Infrastructure.Tests", "tests\CondoFlow.Infrastructure.Tests\CondoFlow.Infrastructure.Tests.csproj", "{DC2292B2-2584-4676-B640-C41721AE9B23}"
EndProject
Project("{FAE04EC0-301F-11D3-BF4B-00C04F79EFBC}") = "CondoFlow.WebApi.Tests", "tests\CondoFlow.WebApi.Tests\CondoFlow.WebApi.Tests.csproj", "{CA1DF456-1951-47C2-BA76-9EA10914D2BA}"
EndProject
Global
	GlobalSection(SolutionConfigurationPlatforms) = preSolution
		Debug|Any CPU = Debug|Any CPU
		Debug|x64 = Debug|x64
		Debug|x86 = Debug|x86
		Release|Any CPU = Release|Any CPU
		Release|x64 = Release|x64
		Release|x86 = Release|x86
	EndGlobalSection
	GlobalSection(ProjectConfigurationPlatforms) = postSolution
		{153166E1-D2D8-4A4A-9A0E-BA1A39292370}.Debug|Any CPU.ActiveCfg = Debug|Any CPU
		{153166E1-D2D8-4A4A-9A0E-BA1A39292370}.Debug|Any CPU.Build.0 = Debug|Any CPU
		{153166E1-D2D8-4A4A-9A0E-BA1A39292370}.Debug|x64.ActiveCfg = Debug|Any CPU
		{153166E1-D2D8-4A4A-9A0E-BA1A39292370}.Debug|x64.Build.0 = Debug|Any CPU
		{153166E1-D2D8-4A4A-9A0E-BA1A39292370}.Debug|x86.ActiveCfg = Debug|Any CPU
		{153166E1-D2D8-4A4A-9A0E-BA1A39292370}.Debug|x86.Build.0 = Debug|Any CPU
		{153166E1-D2D8-4A4A-9A0E-BA1A39292370}.Release|Any CPU.ActiveCfg = Release|Any CPU
		{153166E1-D2D8-4A4A-9A0E-BA1A39292370}.Release|Any CPU.Build.0 = Release|Any CPU
		{153166E1-D2D8-4A4A-9A0E-BA1A39292370}.Release|x64.ActiveCfg = Release|Any CPU
		{153166E1-D2D8-4A4A-9A0E-BA1A39292370}.Release|x64.Build.0 = Release|Any CPU
		{153166E1-D2D8-4A4A-9A0E-BA1A39292370}.Release|x86.ActiveCfg = Release|Any CPU
		{153166E1-D2D8-4A4A-9A0E-BA1A39292370}.Release|x86.Build.0 = Release|Any CPU
		{F5609D80-37E3-4B0E-98EA-8CCC4C03C182}.Debug|Any CPU.ActiveCfg = Debug|Any CPU
		{F5609D80-37E3-4B0E-98EA-8CCC4C03C182}.Debug|Any CPU.Build.0 = Debug|Any CPU
		{F5609D80-37E3-4B0E-98EA-8CCC4C03C182}.Debug|x64.ActiveCfg = Debug|Any CPU
		{F5609D80-37E3-4B0E-98EA-8CCC4C03C182}.Debug|x64.Build.0 = Debug|Any CPU
		{F5609D80-37E3-4B0E-98EA-8CCC4C03C182}.Debug|x86.ActiveCfg = Debug|Any CPU
		{F5609D80-37E3-4B0E-98EA-8CCC4C03C182}.Debug|x86.Build.0 = Debug|Any CPU
		{F5609D80-37E3-4B0E-98EA-8CCC4C03C182}.Release|Any CPU.ActiveCfg = Release|Any CPU
		{F5609D80-37E3-4B0E-98EA-8CCC4C03C182}.Release|Any CPU.Build.0 = Release|Any CPU
		{F5609D80-37E3-4B0E-98EA-8CCC4C03C182}.Release|x64.ActiveCfg = Release|Any CPU
		{F5609D80-37E3-4B0E-98EA-8CCC4C03C182}.Release|x64.Build.0 = Release|Any CPU
		{F5609D80-37E3-4B0E-98EA-8CCC4C03C182}.Release|x86.ActiveCfg = Release|Any CPU
		{F5609D80-37E3-4B0E-98EA-8CCC4C03C182}.Release|x86.Build.0 = Release|Any CPU
		{36A93AD5-D151-44E7-BC04-87CC595B435B}.Debug|Any CPU.ActiveCfg = Debug|Any CPU
		{36A93AD5-D151-44E7-BC04-87CC595B435B}.Debug|Any CPU.Build.0 = Debug|Any CPU
		{36A93AD5-D151-44E7-BC04-87CC595B435B}.Debug|x64.ActiveCfg = Debug|Any CPU
		{36A93AD5-D151-44E7-BC04-87CC595B435B}.Debug|x64.Build.0 = Debug|Any CPU
		{36A93AD5-D151-44E7-BC04-87CC595B435B}.Debug|x86.ActiveCfg = Debug|Any CPU
		{36A93AD5-D151-44E7-BC04-87CC595B435B}.Debug|x86.Build.0 = Debug|Any CPU
		{36A93AD5-D151-44E7-BC04-87CC595B435B}.Release|Any CPU.ActiveCfg = Release|Any CPU
		{36A93AD5-D151-44E7-BC04-87CC595B435B}.Release|Any CPU.Build.0 = Release|Any CPU
		{36A93AD5-D151-44E7-BC04-87CC595B435B}.Release|x64.ActiveCfg = Release|Any CPU
		{36A93AD5-D151-44E7-BC04-87CC595B435B}.Release|x64.Build.0 = Release|Any CPU
		{36A93AD5-D151-44E7-BC04-87CC595B435B}.Release|x86.ActiveCfg = Release|Any CPU
		{36A93AD5-D151-44E7-BC04-87CC595B435B}.Release|x86.Build.0 = Release|Any CPU
		{4B55D702-ADB5-4877-85CB-E98CA270DCE6}.Debug|Any CPU.ActiveCfg = Debug|Any CPU
		{4B55D702-ADB5-4877-85CB-E98CA270DCE6}.Debug|Any CPU.Build.0 = Debug|Any CPU
		{4B55D702-ADB5-4877-85CB-E98CA270DCE6}.Debug|x64.ActiveCfg = Debug|Any CPU
		{4B55D702-ADB5-4877-85CB-E98CA270DCE6}.Debug|x64.Build.0 = Debug|Any CPU
		{4B55D702-ADB5-4877-85CB-E98CA270DCE6}.Debug|x86.ActiveCfg = Debug|Any CPU
		{4B55D702-ADB5-4877-85CB-E98CA270DCE6}.Debug|x86.Build.0 = Debug|Any CPU
		{4B55D702-ADB5-4877-85CB-E98CA270DCE6}.Release|Any CPU.ActiveCfg = Release|Any CPU
		{4B55D702-ADB5-4877-85CB-E98CA270DCE6}.Release|Any CPU.Build.0 = Release|Any CPU
		{4B55D702-ADB5-4877-85CB-E98CA270DCE6}.Release|x64.ActiveCfg = Release|Any CPU
		{4B55D702-ADB5-4877-85CB-E98CA270DCE6}.Release|x64.Build.0 = Release|Any CPU
		{4B55D702-ADB5-4877-85CB-E98CA270DCE6}.Release|x86.ActiveCfg = Release|Any CPU
		{4B55D702-ADB5-4877-85CB-E98CA270DCE6}.Release|x86.Build.0 = Release|Any CPU
		{2782F2C0-EF01-454E-A155-80AA85640386}.Debug|Any CPU.ActiveCfg = Debug|Any CPU
		{2782F2C0-EF01-454E-A155-80AA85640386}.Debug|Any CPU.Build.0 = Debug|Any CPU
		{2782F2C0-EF01-454E-A155-80AA85640386}.Debug|x64.ActiveCfg = Debug|Any CPU
		{2782F2C0-EF01-454E-A155-80AA85640386}.Debug|x64.Build.0 = Debug|Any CPU
		{2782F2C0-EF01-454E-A155-80AA85640386}.Debug|x86.ActiveCfg = Debug|Any CPU
		{2782F2C0-EF01-454E-A155-80AA85640386}.Debug|x86.Build.0 = Debug|Any CPU
		{2782F2C0-EF01-454E-A155-80AA85640386}.Release|Any CPU.ActiveCfg = Release|Any CPU
		{2782F2C0-EF01-454E-A155-80AA85640386}.Release|Any CPU.Build.0 = Release|Any CPU
		{2782F2C0-EF01-454E-A155-80AA85640386}.Release|x64.ActiveCfg = Release|Any CPU
		{2782F2C0-EF01-454E-A155-80AA85640386}.Release|x64.Build.0 = Release|Any CPU
		{2782F2C0-EF01-454E-A155-80AA85640386}.Release|x86.ActiveCfg = Release|Any CPU
		{2782F2C0-EF01-454E-A155-80AA85640386}.Release|x86.Build.0 = Release|Any CPU
		{7D31A5D3-005D-44D9-A6AF-F3AFE51C601B}.Debug|Any CPU.ActiveCfg = Debug|Any CPU
		{7D31A5D3-005D-44D9-A6AF-F3AFE51C601B}.Debug|Any CPU.Build.0 = Debug|Any CPU
		{7D31A5D3-005D-44D9-A6AF-F3AFE51C601B}.Debug|x64.ActiveCfg = Debug|Any CPU
		{7D31A5D3-005D-44D9-A6AF-F3AFE51C601B}.Debug|x64.Build.0 = Debug|Any CPU
		{7D31A5D3-005D-44D9-A6AF-F3AFE51C601B}.Debug|x86.ActiveCfg = Debug|Any CPU
		{7D31A5D3-005D-44D9-A6AF-F3AFE51C601B}.Debug|x86.Build.0 = Debug|Any CPU
		{7D31A5D3-005D-44D9-A6AF-F3AFE51C601B}.Release|Any CPU.ActiveCfg = Release|Any CPU
		{7D31A5D3-005D-44D9-A6AF-F3AFE51C601B}.Release|Any CPU.Build.0 = Release|Any CPU
		{7D31A5D3-005D-44D9-A6AF-F3AFE51C601B}.Release|x64.ActiveCfg = Release|Any CPU
		{7D31A5D3-005D-44D9-A6AF-F3AFE51C601B}.Release|x64.Build.0 = Release|Any CPU
		{7D31A5D3-005D-44D9-A6AF-F3AFE51C601B}.Release|x86.ActiveCfg = Release|Any CPU
		{7D31A5D3-005D-44D9-A6AF-F3AFE51C601B}.Release|x86.Build.0 = Release|Any CPU
		{DC2292B2-2584-4676-B640-C41721AE9B23}.Debug|Any CPU.ActiveCfg = Debug|Any CPU
		{DC2292B2-2584-4676-B640-C41721AE9B23}.Debug|Any CPU.Build.0 = Debug|Any CPU
		{DC2292B2-2584-4676-B640-C41721AE9B23}.Debug|x64.ActiveCfg = Debug|Any CPU
		{DC2292B2-2584-4676-B640-C41721AE9B23}.Debug|x64.Build.0 = Debug|Any CPU
		{DC2292B2-2584-4676-B640-C41721AE9B23}.Debug|x86.ActiveCfg = Debug|Any CPU
		{DC2292B2-2584-4676-B640-C41721AE9B23}.Debug|x86.Build.0 = Debug|Any CPU
		{DC2292B2-2584-4676-B640-C41721AE9B23}.Release|Any CPU.ActiveCfg = Release|Any CPU
		{DC2292B2-2584-4676-B640-C41721AE9B23}.Release|Any CPU.Build.0 = Release|Any CPU
		{DC2292B2-2584-4676-B640-C41721AE9B23}.Release|x64.ActiveCfg = Release|Any CPU
		{DC2292B2-2584-4676-B640-C41721AE9B23}.Release|x64.Build.0 = Release|Any CPU
		{DC2292B2-2584-4676-B640-C41721AE9B23}.Release|x86.ActiveCfg = Release|Any CPU
		{DC2292B2-2584-4676-B640-C41721AE9B23}.Release|x86.Build.0 = Release|Any CPU
		{CA1DF456-1951-47C2-BA76-9EA10914D2BA}.Debug|Any CPU.ActiveCfg = Debug|Any CPU
		{CA1DF456-1951-47C2-BA76-9EA10914D2BA}.Debug|Any CPU.Build.0 = Debug|Any CPU
		{CA1DF456-1951-47C2-BA76-9EA10914D2BA}.Debug|x64.ActiveCfg = Debug|Any CPU
		{CA1DF456-1951-47C2-BA76-9EA10914D2BA}.Debug|x64.Build.0 = Debug|Any CPU
		{CA1DF456-1951-47C2-BA76-9EA10914D2BA}.Debug|x86.ActiveCfg = Debug|Any CPU
		{CA1DF456-1951-47C2-BA76-9EA10914D2BA}.Debug|x86.Build.0 = Debug|Any CPU
		{CA1DF456-1951-47C2-BA76-9EA10914D2BA}.Release|Any CPU.ActiveCfg = Release|Any CPU
		{CA1DF456-1951-47C2-BA76-9EA10914D2BA}.Release|Any CPU.Build.0 = Release|Any CPU
		{CA1DF456-1951-47C2-BA76-9EA10914D2BA}.Release|x64.ActiveCfg = Release|Any CPU
		{CA1DF456-1951-47C2-BA76-9EA10914D2BA}.Release|x64.Build.0 = Release|Any CPU
		{CA1DF456-1951-47C2-BA76-9EA10914D2BA}.Release|x86.ActiveCfg = Release|Any CPU
		{CA1DF456-1951-47C2-BA76-9EA10914D2BA}.Release|x86.Build.0 = Release|Any CPU
	EndGlobalSection
	GlobalSection(SolutionProperties) = preSolution
		HideSolutionNode = FALSE
	EndGlobalSection
	GlobalSection(NestedProjects) = preSolution
		{153166E1-D2D8-4A4A-9A0E-BA1A39292370} = {827E0CD3-B72D-47B6-A68D-7590B98EB39B}
		{F5609D80-37E3-4B0E-98EA-8CCC4C03C182} = {827E0CD3-B72D-47B6-A68D-7590B98EB39B}
		{36A93AD5-D151-44E7-BC04-87CC595B435B} = {827E0CD3-B72D-47B6-A68D-7590B98EB39B}
		{4B55D702-ADB5-4877-85CB-E98CA270DCE6} = {827E0CD3-B72D-47B6-A68D-7590B98EB39B}
		{2782F2C0-EF01-454E-A155-80AA85640386} = {0AB3BF05-4346-4AA6-1389-037BE0695223}
		{7D31A5D3-005D-44D9-A6AF-F3AFE51C601B} = {0AB3BF05-4346-4AA6-1389-037BE0695223}
		{DC2292B2-2584-4676-B640-C41721AE9B23} = {0AB3BF05-4346-4AA6-1389-037BE0695223}
		{CA1DF456-1951-47C2-BA76-9EA10914D2BA} = {0AB3BF05-4346-4AA6-1389-037BE0695223}
	EndGlobalSection
	GlobalSection(ExtensibilityGlobals) = postSolution
		SolutionGuid = {2416E2BC-2D96-476D-AAEB-B9B648EC1944}
	EndGlobalSection
EndGlobal
